{
  "name": "food-mapper",
  "version": "0.0.0",
  "lockfileVersion": 3,
  "requires": true,
  "packages": {
    "": {
      "name": "food-mapper",
      "version": "0.0.0",
      "workspaces": [
        "packages/*"
      ],
      "devDependencies": {
        "typescript": "^5.9.3"
      },
      "engines": {
        "node": ">=18.0.0",
        "npm": ">=9.0.0"
      }
    },
    "node_modules/@food-mapper/client": {
      "resolved": "packages/client",
      "link": true
    },
    "node_modules/@food-mapper/server": {
      "resolved": "packages/server",
      "link": true
    },
    "node_modules/@food-mapper/shared": {
      "resolved": "packages/shared",
      "link": true
    },
    "node_modules/typescript": {
      "version": "5.9.3",
      "resolved": "https://registry.npmjs.org/typescript/-/typescript-5.9.3.tgz",
      "integrity": "sha512-jl1vZzPDinLr9eUt3J/t7V6FgNEw9QjvBPdysz9KfQDD41fQrC2Y4vKQdiaUpFT4bXlb1RHhLpp8wtm6M5TgSw==",
      "dev": true,
      "bin": {
        "tsc": "bin/tsc",
        "tsserver": "bin/tsserver"
      },
      "engines": {
        "node": ">=14.17"
      }
    },
    "packages/client": {
      "name": "@food-mapper/client",
      "version": "0.0.0"
    },
    "packages/server": {
      "name": "@food-mapper/server",
      "version": "0.0.0"
    },
    "packages/shared": {
      "name": "@food-mapper/shared",
      "version": "0.0.0"
    }
  }
}
